
Microsoft Visual Studio Solution File, Format Version 12.00
# Visual Studio Express 15 for Windows Desktop
VisualStudioVersion = 15.0.28306.52
MinimumVisualStudioVersion = 10.0.40219.1
Project("{FAE04EC0-301F-11D3-BF4B-00C04F79EFBC}") = "PizzaOloCodeSample", "PizzaOloCodeSample\PizzaOloCodeSample.csproj", "{864D52E4-DAC0-4B7D-B535-1C1E69D88019}"
EndProject
Global
	GlobalSection(SolutionConfigurationPlatforms) = preSolution
		Debug|Any CPU = Debug|Any CPU
		Release|Any CPU = Release|Any CPU
	EndGlobalSection
	GlobalSection(ProjectConfigurationPlatforms) = postSolution
		{864D52E4-DAC0-4B7D-B535-1C1E69D88019}.Debug|Any CPU.ActiveCfg = Release|Any CPU
		{864D52E4-DAC0-4B7D-B535-1C1E69D88019}.Debug|Any CPU.Build.0 = Release|Any CPU
		{864D52E4-DAC0-4B7D-B535-1C1E69D88019}.Release|Any CPU.ActiveCfg = Release|Any CPU
		{864D52E4-DAC0-4B7D-B535-1C1E69D88019}.Release|Any CPU.Build.0 = Release|Any CPU
	EndGlobalSection
	GlobalSection(SolutionProperties) = preSolution
		HideSolutionNode = FALSE
	EndGlobalSection
	GlobalSection(ExtensibilityGlobals) = postSolution
		SolutionGuid = {A2AB33DB-B49A-4919-8943-051B30A6E22D}
	EndGlobalSection
EndGlobal
